
Microsoft Visual Studio Solution File, Format Version 12.00
# Visual Studio Version 16
VisualStudioVersion = 16.0.30907.101
MinimumVisualStudioVersion = 10.0.40219.1
Project("{FAE04EC0-301F-11D3-BF4B-00C04F79EFBC}") = "RunnableProxy", "RunnableProxy\RunnableProxy.csproj", "{5FDEE21B-73CD-481F-9889-F982F2030A56}"
EndProject
Project("{FAE04EC0-301F-11D3-BF4B-00C04F79EFBC}") = "RunnableRedirectionService", "RunnableRedirectionService\RunnableRedirectionService.csproj", "{F26896E7-B722-4C93-9DE0-9F9612D32F7C}"
EndProject
Global
	GlobalSection(SolutionConfigurationPlatforms) = preSolution
		Debug|Any CPU = Debug|Any CPU
		Release|Any CPU = Release|Any CPU
	EndGlobalSection
	GlobalSection(ProjectConfigurationPlatforms) = postSolution
		{5FDEE21B-73CD-481F-9889-F982F2030A56}.Debug|Any CPU.ActiveCfg = Debug|Any CPU
		{5FDEE21B-73CD-481F-9889-F982F2030A56}.Debug|Any CPU.Build.0 = Debug|Any CPU
		{5FDEE21B-73CD-481F-9889-F982F2030A56}.Release|Any CPU.ActiveCfg = Release|Any CPU
		{5FDEE21B-73CD-481F-9889-F982F2030A56}.Release|Any CPU.Build.0 = Release|Any CPU
		{F26896E7-B722-4C93-9DE0-9F9612D32F7C}.Debug|Any CPU.ActiveCfg = Debug|Any CPU
		{F26896E7-B722-4C93-9DE0-9F9612D32F7C}.Debug|Any CPU.Build.0 = Debug|Any CPU
		{F26896E7-B722-4C93-9DE0-9F9612D32F7C}.Release|Any CPU.ActiveCfg = Release|Any CPU
		{F26896E7-B722-4C93-9DE0-9F9612D32F7C}.Release|Any CPU.Build.0 = Release|Any CPU
	EndGlobalSection
	GlobalSection(SolutionProperties) = preSolution
		HideSolutionNode = FALSE
	EndGlobalSection
	GlobalSection(ExtensibilityGlobals) = postSolution
		SolutionGuid = {EFFA9CD0-5408-43B0-B501-E14CC3D27B25}
	EndGlobalSection
EndGlobal
